
Microsoft Visual Studio Solution File, Format Version 12.00
# Visual Studio Version 17
VisualStudioVersion = 17.8.34330.188
MinimumVisualStudioVersion = 10.0.40219.1
Project("{FAE04EC0-301F-11D3-BF4B-00C04F79EFBC}") = "ColorParty", "ColorParty\ColorParty.csproj", "{DF1928F4-367E-4AD2-A17B-AB2542FDCA6B}"
EndProject
Global
	GlobalSection(SolutionConfigurationPlatforms) = preSolution
		Debug|Any CPU = Debug|Any CPU
		Release|Any CPU = Release|Any CPU
	EndGlobalSection
	GlobalSection(ProjectConfigurationPlatforms) = postSolution
		{DF1928F4-367E-4AD2-A17B-AB2542FDCA6B}.Debug|Any CPU.ActiveCfg = Debug|Any CPU
		{DF1928F4-367E-4AD2-A17B-AB2542FDCA6B}.Debug|Any CPU.Build.0 = Debug|Any CPU
		{DF1928F4-367E-4AD2-A17B-AB2542FDCA6B}.Release|Any CPU.ActiveCfg = Release|Any CPU
		{DF1928F4-367E-4AD2-A17B-AB2542FDCA6B}.Release|Any CPU.Build.0 = Release|Any CPU
	EndGlobalSection
	GlobalSection(SolutionProperties) = preSolution
		HideSolutionNode = FALSE
	EndGlobalSection
	GlobalSection(ExtensibilityGlobals) = postSolution
		SolutionGuid = {32505287-3C77-4EAD-A598-C06695CFD889}
	EndGlobalSection
EndGlobal
